{
  "name": "vascular-plant-atlas",
  "version": "1.0.0",
  "lockfileVersion": 3,
  "requires": true,
  "packages": {
    "": {
      "name": "vascular-plant-atlas",
      "version": "1.0.0",
      "license": "CC-BY-NC-SA-4.0",
      "devDependencies": {
        "opencc-js": "^1.0.5"
      },
      "engines": {
        "node": ">=18"
      }
    },
    "node_modules/opencc-js": {
      "version": "1.0.5",
      "resolved": "https://registry.npmjs.org/opencc-js/-/opencc-js-1.0.5.tgz",
      "integrity": "sha512-LD+1SoNnZdlRwtYTjnQdFrSVCAaYpuDqL5CkmOaHOkKoKh7mFxUicLTRVNLU5C+Jmi1vXQ3QL4jWdgSaa4sKjg==",
      "dev": true
    }
  }
}
